
Microsoft Visual Studio Solution File, Format Version 12.00
# Visual Studio 14
VisualStudioVersion = 14.0.25420.1
MinimumVisualStudioVersion = 10.0.40219.1
Project("{FAE04EC0-301F-11D3-BF4B-00C04F79EFBC}") = "project2 final", "project2 final\project2 final.csproj", "{E00E14E8-6514-4142-ABD5-50C684195569}"
EndProject
Global
	GlobalSection(SolutionConfigurationPlatforms) = preSolution
		Debug|Any CPU = Debug|Any CPU
		Release|Any CPU = Release|Any CPU
	EndGlobalSection
	GlobalSection(ProjectConfigurationPlatforms) = postSolution
		{E00E14E8-6514-4142-ABD5-50C684195569}.Debug|Any CPU.ActiveCfg = Debug|Any CPU
		{E00E14E8-6514-4142-ABD5-50C684195569}.Debug|Any CPU.Build.0 = Debug|Any CPU
		{E00E14E8-6514-4142-ABD5-50C684195569}.Release|Any CPU.ActiveCfg = Release|Any CPU
		{E00E14E8-6514-4142-ABD5-50C684195569}.Release|Any CPU.Build.0 = Release|Any CPU
	EndGlobalSection
	GlobalSection(SolutionProperties) = preSolution
		HideSolutionNode = FALSE
	EndGlobalSection
EndGlobal
